// !$*UTF8*$!
{
	archiveVersion = 1;
	classes = {
	};
	objectVersion = 50;
	objects = {

/* Begin PBXBuildFile section */
		9A8482D42364189800D912EE /* AppDelegate.swift in Sources */ = {isa = PBXBuildFile; fileRef = 9A8482D32364189800D912EE /* AppDelegate.swift */; };
		9A8482D62364189800D912EE /* SceneDelegate.swift in Sources */ = {isa = PBXBuildFile; fileRef = 9A8482D52364189800D912EE /* SceneDelegate.swift */; };
		9A8482D82364189800D912EE /* ContentView.swift in Sources */ = {isa = PBXBuildFile; fileRef = 9A8482D72364189800D912EE /* ContentView.swift */; };
		9A8482DA2364189E00D912EE /* Assets.xcassets in Resources */ = {isa = PBXBuildFile; fileRef = 9A8482D92364189E00D912EE /* Assets.xcassets */; };
		9A8482DD2364189E00D912EE /* Preview Assets.xcassets in Resources */ = {isa = PBXBuildFile; fileRef = 9A8482DC2364189E00D912EE /* Preview Assets.xcassets */; };
		9A8482E02364189E00D912EE /* LaunchScreen.storyboard in Resources */ = {isa = PBXBuildFile; fileRef = 9A8482DE2364189E00D912EE /* LaunchScreen.storyboard */; };
		9A8482E923641A1300D912EE /* BasicStructureOfSwiftUI.swift in Sources */ = {isa = PBXBuildFile; fileRef = 9A8482E823641A1300D912EE /* BasicStructureOfSwiftUI.swift */; };
		9A8482EB23641F2600D912EE /* CreatingAForm.swift in Sources */ = {isa = PBXBuildFile; fileRef = 9A8482EA23641F2600D912EE /* CreatingAForm.swift */; };
		9A8482ED236422D900D912EE /* NavigationBar.swift in Sources */ = {isa = PBXBuildFile; fileRef = 9A8482EC236422D900D912EE /* NavigationBar.swift */; };
		A7DB100C2364323200132E3D /* StateAndButton.swift in Sources */ = {isa = PBXBuildFile; fileRef = A7DB100B2364323200132E3D /* StateAndButton.swift */; };
/* End PBXBuildFile section */

/* Begin PBXFileReference section */
		9A8482D02364189800D912EE /* WeSplit.app */ = {isa = PBXFileReference; explicitFileType = wrapper.application; includeInIndex = 0; path = WeSplit.app; sourceTree = BUILT_PRODUCTS_DIR; };
		9A8482D32364189800D912EE /* AppDelegate.swift */ = {isa = PBXFileReference; lastKnownFileType = sourcecode.swift; path = AppDelegate.swift; sourceTree = "<group>"; };
		9A8482D52364189800D912EE /* SceneDelegate.swift */ = {isa = PBXFileReference; lastKnownFileType = sourcecode.swift; path = SceneDelegate.swift; sourceTree = "<group>"; };
		9A8482D72364189800D912EE /* ContentView.swift */ = {isa = PBXFileReference; lastKnownFileType = sourcecode.swift; path = ContentView.swift; sourceTree = "<group>"; };
		9A8482D92364189E00D912EE /* Assets.xcassets */ = {isa = PBXFileReference; lastKnownFileType = folder.assetcatalog; path = Assets.xcassets; sourceTree = "<group>"; };
		9A8482DC2364189E00D912EE /* Preview Assets.xcassets */ = {isa = PBXFileReference; lastKnownFileType = folder.assetcatalog; path = "Preview Assets.xcassets"; sourceTree = "<group>"; };
		9A8482DF2364189E00D912EE /* Base */ = {isa = PBXFileReference; lastKnownFileType = file.storyboard; name = Base; path = Base.lproj/LaunchScreen.storyboard; sourceTree = "<group>"; };
		9A8482E12364189E00D912EE /* Info.plist */ = {isa = PBXFileReference; lastKnownFileType = text.plist.xml; path = Info.plist; sourceTree = "<group>"; };
		9A8482E823641A1300D912EE /* BasicStructureOfSwiftUI.swift */ = {isa = PBXFileReference; lastKnownFileType = sourcecode.swift; path = BasicStructureOfSwiftUI.swift; sourceTree = "<group>"; };
		9A8482EA23641F2600D912EE /* CreatingAForm.swift */ = {isa = PBXFileReference; lastKnownFileType = sourcecode.swift; path = CreatingAForm.swift; sourceTree = "<group>"; };
		9A8482EC236422D900D912EE /* NavigationBar.swift */ = {isa = PBXFileReference; lastKnownFileType = sourcecode.swift; path = NavigationBar.swift; sourceTree = "<group>"; };
		A7DB100B2364323200132E3D /* StateAndButton.swift */ = {isa = PBXFileReference; lastKnownFileType = sourcecode.swift; path = StateAndButton.swift; sourceTree = "<group>"; };
/* End PBXFileReference section */

/* Begin PBXFrameworksBuildPhase section */
		9A8482CD2364189800D912EE /* Frameworks */ = {
			isa = PBXFrameworksBuildPhase;
			buildActionMask = 2147483647;
			files = (
			);
			runOnlyForDeploymentPostprocessing = 0;
		};
/* End PBXFrameworksBuildPhase section */

/* Begin PBXGroup section */
		9A8482C72364189800D912EE = {
			isa = PBXGroup;
			children = (
				9A8482D22364189800D912EE /* WeSplit */,
				9A8482D12364189800D912EE /* Products */,
			);
			sourceTree = "<group>";
		};
		9A8482D12364189800D912EE /* Products */ = {
			isa = PBXGroup;
			children = (
				9A8482D02364189800D912EE /* WeSplit.app */,
			);
			name = Products;
			sourceTree = "<group>";
		};
		9A8482D22364189800D912EE /* WeSplit */ = {
			isa = PBXGroup;
			children = (
				9A8482E7236419BA00D912EE /* practice file */,
				9A8482D32364189800D912EE /* AppDelegate.swift */,
				9A8482D52364189800D912EE /* SceneDelegate.swift */,
				9A8482D72364189800D912EE /* ContentView.swift */,
				9A8482D92364189E00D912EE /* Assets.xcassets */,
				9A8482DE2364189E00D912EE /* LaunchScreen.storyboard */,
				9A8482E12364189E00D912EE /* Info.plist */,
				9A8482DB2364189E00D912EE /* Preview Content */,
			);
			path = WeSplit;
			sourceTree = "<group>";
		};
		9A8482DB2364189E00D912EE /* Preview Content */ = {
			isa = PBXGroup;
			children = (
				9A8482DC2364189E00D912EE /* Preview Assets.xcassets */,
			);
			path = "Preview Content";
			sourceTree = "<group>";
		};
		9A8482E7236419BA00D912EE /* practice file */ = {
			isa = PBXGroup;
			children = (
				9A8482E823641A1300D912EE /* BasicStructureOfSwiftUI.swift */,
				9A8482EA23641F2600D912EE /* CreatingAForm.swift */,
				9A8482EC236422D900D912EE /* NavigationBar.swift */,
				A7DB100B2364323200132E3D /* StateAndButton.swift */,
			);
			path = "practice file";
			sourceTree = "<group>";
		};
/* End PBXGroup section */

/* Begin PBXNativeTarget section */
		9A8482CF2364189800D912EE /* WeSplit */ = {
			isa = PBXNativeTarget;
			buildConfigurationList = 9A8482E42364189E00D912EE /* Build configuration list for PBXNativeTarget "WeSplit" */;
			buildPhases = (
				9A8482CC2364189800D912EE /* Sources */,
				9A8482CD2364189800D912EE /* Frameworks */,
				9A8482CE2364189800D912EE /* Resources */,
			);
			buildRules = (
			);
			dependencies = (
			);
			name = WeSplit;
			productName = WeSplit;
			productReference = 9A8482D02364189800D912EE /* WeSplit.app */;
			productType = "com.apple.product-type.application";
		};
/* End PBXNativeTarget section */

/* Begin PBXProject section */
		9A8482C82364189800D912EE /* Project object */ = {
			isa = PBXProject;
			attributes = {
				LastSwiftUpdateCheck = 1110;
				LastUpgradeCheck = 1110;
				ORGANIZATIONNAME = ytyubox;
				TargetAttributes = {
					9A8482CF2364189800D912EE = {
						CreatedOnToolsVersion = 11.1;
					};
				};
			};
			buildConfigurationList = 9A8482CB2364189800D912EE /* Build configuration list for PBXProject "WeSplit" */;
			compatibilityVersion = "Xcode 9.3";
			developmentRegion = en;
			hasScannedForEncodings = 0;
			knownRegions = (
				en,
				Base,
			);
			mainGroup = 9A8482C72364189800D912EE;
			productRefGroup = 9A8482D12364189800D912EE /* Products */;
			projectDirPath = "";
			projectRoot = "";
			targets = (
				9A8482CF2364189800D912EE /* WeSplit */,
			);
		};
/* End PBXProject section */

/* Begin PBXResourcesBuildPhase section */
		9A8482CE2364189800D912EE /* Resources */ = {
			isa = PBXResourcesBuildPhase;
			buildActionMask = 2147483647;
			files = (
				9A8482E02364189E00D912EE /* LaunchScreen.storyboard in Resources */,
				9A8482DD2364189E00D912EE /* Preview Assets.xcassets in Resources */,
				9A8482DA2364189E00D912EE /* Assets.xcassets in Resources */,
			);
			runOnlyForDeploymentPostprocessing = 0;
		};
/* End PBXResourcesBuildPhase section */

/* Begin PBXSourcesBuildPhase section */
		9A8482CC2364189800D912EE /* Sources */ = {
			isa = PBXSourcesBuildPhase;
			buildActionMask = 2147483647;
			files = (
				A7DB100C2364323200132E3D /* StateAndButton.swift in Sources */,
				9A8482D42364189800D912EE /* AppDelegate.swift in Sources */,
				9A8482D62364189800D912EE /* SceneDelegate.swift in Sources */,
				9A8482EB23641F2600D912EE /* CreatingAForm.swift in Sources */,
				9A8482D82364189800D912EE /* ContentView.swift in Sources */,
				9A8482E923641A1300D912EE /* BasicStructureOfSwiftUI.swift in Sources */,
				9A8482ED236422D900D912EE /* NavigationBar.swift in Sources */,
			);
			runOnlyForDeploymentPostprocessing = 0;
		};
/* End PBXSourcesBuildPhase section */

/* Begin PBXVariantGroup section */
		9A8482DE2364189E00D912EE /* LaunchScreen.storyboard */ = {
			isa = PBXVariantGroup;
			children = (
				9A8482DF2364189E00D912EE /* Base */,
			);
			name = LaunchScreen.storyboard;
			sourceTree = "<group>";
		};
/* End PBXVariantGroup section */

/* Begin XCBuildConfiguration section */
		9A8482E22364189E00D912EE /* Debug */ = {
			isa = XCBuildConfiguration;
			buildSettings = {
				ALWAYS_SEARCH_USER_PATHS = NO;
				CLANG_ANALYZER_NONNULL = YES;
				CLANG_ANALYZER_NUMBER_OBJECT_CONVERSION = YES_AGGRESSIVE;
				CLANG_CXX_LANGUAGE_STANDARD = "gnu++14";
				CLANG_CXX_LIBRARY = "libc++";
				CLANG_ENABLE_MODULES = YES;
				CLANG_ENABLE_OBJC_ARC = YES;
				CLANG_ENABLE_OBJC_WEAK = YES;
				CLANG_WARN_BLOCK_CAPTURE_AUTORELEASING = YES;
				CLANG_WARN_BOOL_CONVERSION = YES;
				CLANG_WARN_COMMA = YES;
				CLANG_WARN_CONSTANT_CONVERSION = YES;
				CLANG_WARN_DEPRECATED_OBJC_IMPLEMENTATIONS = YES;
				CLANG_WARN_DIRECT_OBJC_ISA_USAGE = YES_ERROR;
				CLANG_WARN_DOCUMENTATION_COMMENTS = YES;
				CLANG_WARN_EMPTY_BODY = YES;
				CLANG_WARN_ENUM_CONVERSION = YES;
				CLANG_WARN_INFINITE_RECURSION = YES;
				CLANG_WARN_INT_CONVERSION = YES;
				CLANG_WARN_NON_LITERAL_NULL_CONVERSION = YES;
				CLANG_WARN_OBJC_IMPLICIT_RETAIN_SELF = YES;
				CLANG_WARN_OBJC_LITERAL_CONVERSION = YES;
				CLANG_WARN_OBJC_ROOT_CLASS = YES_ERROR;
				CLANG_WARN_RANGE_LOOP_ANALYSIS = YES;
				CLANG_WARN_STRICT_PROTOTYPES = YES;
				CLANG_WARN_SUSPICIOUS_MOVE = YES;
				CLANG_WARN_UNGUARDED_AVAILABILITY = YES_AGGRESSIVE;
				CLANG_WARN_UNREACHABLE_CODE = YES;
				CLANG_WARN__DUPLICATE_METHOD_MATCH = YES;
				COPY_PHASE_STRIP = NO;
				DEBUG_INFORMATION_FORMAT = dwarf;
				ENABLE_STRICT_OBJC_MSGSEND = YES;
				ENABLE_TESTABILITY = YES;
				GCC_C_LANGUAGE_STANDARD = gnu11;
				GCC_DYNAMIC_NO_PIC = NO;
				GCC_NO_COMMON_BLOCKS = YES;
				GCC_OPTIMIZATION_LEVEL = 0;
				GCC_PREPROCESSOR_DEFINITIONS = (
					"DEBUG=1",
					"$(inherited)",
				);
				GCC_WARN_64_TO_32_BIT_CONVERSION = YES;
				GCC_WARN_ABOUT_RETURN_TYPE = YES_ERROR;
				GCC_WARN_UNDECLARED_SELECTOR = YES;
				GCC_WARN_UNINITIALIZED_AUTOS = YES_AGGRESSIVE;
				GCC_WARN_UNUSED_FUNCTION = YES;
				GCC_WARN_UNUSED_VARIABLE = YES;
				IPHONEOS_DEPLOYMENT_TARGET = 13.1;
				MTL_ENABLE_DEBUG_INFO = INCLUDE_SOURCE;
				MTL_FAST_MATH = YES;
				ONLY_ACTIVE_ARCH = YES;
				SDKROOT = iphoneos;
				SWIFT_ACTIVE_COMPILATION_CONDITIONS = DEBUG;
				SWIFT_OPTIMIZATION_LEVEL = "-Onone";
			};
			name = Debug;
		};
		9A8482E32364189E00D912EE /* Release */ = {
			isa = XCBuildConfiguration;
			buildSettings = {
				ALWAYS_SEARCH_USER_PATHS = NO;
				CLANG_ANALYZER_NONNULL = YES;
				CLANG_ANALYZER_NUMBER_OBJECT_CONVERSION = YES_AGGRESSIVE;
				CLANG_CXX_LANGUAGE_STANDARD = "gnu++14";
				CLANG_CXX_LIBRARY = "libc++";
				CLANG_ENABLE_MODULES = YES;
				CLANG_ENABLE_OBJC_ARC = YES;
				CLANG_ENABLE_OBJC_WEAK = YES;
				CLANG_WARN_BLOCK_CAPTURE_AUTORELEASING = YES;
				CLANG_WARN_BOOL_CONVERSION = YES;
				CLANG_WARN_COMMA = YES;
				CLANG_WARN_CONSTANT_CONVERSION = YES;
				CLANG_WARN_DEPRECATED_OBJC_IMPLEMENTATIONS = YES;
				CLANG_WARN_DIRECT_OBJC_ISA_USAGE = YES_ERROR;
				CLANG_WARN_DOCUMENTATION_COMMENTS = YES;
				CLANG_WARN_EMPTY_BODY = YES;
				CLANG_WARN_ENUM_CONVERSION = YES;
				CLANG_WARN_INFINITE_RECURSION = YES;
				CLANG_WARN_INT_CONVERSION = YES;
				CLANG_WARN_NON_LITERAL_NULL_CONVERSION = YES;
				CLANG_WARN_OBJC_IMPLICIT_RETAIN_SELF = YES;
				CLANG_WARN_OBJC_LITERAL_CONVERSION = YES;
				CLANG_WARN_OBJC_ROOT_CLASS = YES_ERROR;
				CLANG_WARN_RANGE_LOOP_ANALYSIS = YES;
				CLANG_WARN_STRICT_PROTOTYPES = YES;
				CLANG_WARN_SUSPICIOUS_MOVE = YES;
				CLANG_WARN_UNGUARDED_AVAILABILITY = YES_AGGRESSIVE;
				CLANG_WARN_UNREACHABLE_CODE = YES;
				CLANG_WARN__DUPLICATE_METHOD_MATCH = YES;
				COPY_PHASE_STRIP = NO;
				DEBUG_INFORMATION_FORMAT = "dwarf-with-dsym";
				ENABLE_NS_ASSERTIONS = NO;
				ENABLE_STRICT_OBJC_MSGSEND = YES;
				GCC_C_LANGUAGE_STANDARD = gnu11;
				GCC_NO_COMMON_BLOCKS = YES;
				GCC_WARN_64_TO_32_BIT_CONVERSION = YES;
				GCC_WARN_ABOUT_RETURN_TYPE = YES_ERROR;
				GCC_WARN_UNDECLARED_SELECTOR = YES;
				GCC_WARN_UNINITIALIZED_AUTOS = YES_AGGRESSIVE;
				GCC_WARN_UNUSED_FUNCTION = YES;
				GCC_WARN_UNUSED_VARIABLE = YES;
				IPHONEOS_DEPLOYMENT_TARGET = 13.1;
				MTL_ENABLE_DEBUG_INFO = NO;
				MTL_FAST_MATH = YES;
				SDKROOT = iphoneos;
				SWIFT_COMPILATION_MODE = wholemodule;
				SWIFT_OPTIMIZATION_LEVEL = "-O";
				VALIDATE_PRODUCT = YES;
			};
			name = Release;
		};
		9A8482E52364189E00D912EE /* Debug */ = {
			isa = XCBuildConfiguration;
			buildSettings = {
				ASSETCATALOG_COMPILER_APPICON_NAME = AppIcon;
				CODE_SIGN_STYLE = Automatic;
				DEVELOPMENT_ASSET_PATHS = "\"WeSplit/Preview Content\"";
				DEVELOPMENT_TEAM = 3AMPL46LPV;
				ENABLE_PREVIEWS = YES;
				INFOPLIST_FILE = WeSplit/Info.plist;
				LD_RUNPATH_SEARCH_PATHS = (
					"$(inherited)",
					"@executable_path/Frameworks",
				);
				PRODUCT_BUNDLE_IDENTIFIER = com.ytyubox.WeSplit;
				PRODUCT_NAME = "$(TARGET_NAME)";
				SWIFT_VERSION = 5.0;
				TARGETED_DEVICE_FAMILY = "1,2";
			};
			name = Debug;
		};
		9A8482E62364189E00D912EE /* Release */ = {
			isa = XCBuildConfiguration;
			buildSettings = {
				ASSETCATALOG_COMPILER_APPICON_NAME = AppIcon;
				CODE_SIGN_STYLE = Automatic;
				DEVELOPMENT_ASSET_PATHS = "\"WeSplit/Preview Content\"";
				DEVELOPMENT_TEAM = 3AMPL46LPV;
				ENABLE_PREVIEWS = YES;
				INFOPLIST_FILE = WeSplit/Info.plist;
				LD_RUNPATH_SEARCH_PATHS = (
					"$(inherited)",
					"@executable_path/Frameworks",
				);
				PRODUCT_BUNDLE_IDENTIFIER = com.ytyubox.WeSplit;
				PRODUCT_NAME = "$(TARGET_NAME)";
				SWIFT_VERSION = 5.0;
				TARGETED_DEVICE_FAMILY = "1,2";
			};
			name = Release;
		};
/* End XCBuildConfiguration section */

/* Begin XCConfigurationList section */
		9A8482CB2364189800D912EE /* Build configuration list for PBXProject "WeSplit" */ = {
			isa = XCConfigurationList;
			buildConfigurations = (
				9A8482E22364189E00D912EE /* Debug */,
				9A8482E32364189E00D912EE /* Release */,
			);
			defaultConfigurationIsVisible = 0;
			defaultConfigurationName = Release;
		};
		9A8482E42364189E00D912EE /* Build configuration list for PBXNativeTarget "WeSplit" */ = {
			isa = XCConfigurationList;
			buildConfigurations = (
				9A8482E52364189E00D912EE /* Debug */,
				9A8482E62364189E00D912EE /* Release */,
			);
			defaultConfigurationIsVisible = 0;
			defaultConfigurationName = Release;
		};
/* End XCConfigurationList section */
	};
	rootObject = 9A8482C82364189800D912EE /* Project object */;
}
