// !$*UTF8*$!
{
	archiveVersion = 1;
	classes = {
	};
	objectVersion = 50;
	objects = {

/* Begin PBXBuildFile section */
		A7289C932366E4BD00EDA984 /* AppDelegate.swift in Sources */ = {isa = PBXBuildFile; fileRef = A7289C922366E4BD00EDA984 /* AppDelegate.swift */; };
		A7289C952366E4BD00EDA984 /* SceneDelegate.swift in Sources */ = {isa = PBXBuildFile; fileRef = A7289C942366E4BD00EDA984 /* SceneDelegate.swift */; };
		A7289C972366E4BD00EDA984 /* ContentView.swift in Sources */ = {isa = PBXBuildFile; fileRef = A7289C962366E4BD00EDA984 /* ContentView.swift */; };
		A7289C992366E4BE00EDA984 /* Assets.xcassets in Resources */ = {isa = PBXBuildFile; fileRef = A7289C982366E4BE00EDA984 /* Assets.xcassets */; };
		A7289C9C2366E4BE00EDA984 /* Preview Assets.xcassets in Resources */ = {isa = PBXBuildFile; fileRef = A7289C9B2366E4BE00EDA984 /* Preview Assets.xcassets */; };
		A7289C9F2366E4BE00EDA984 /* LaunchScreen.storyboard in Resources */ = {isa = PBXBuildFile; fileRef = A7289C9D2366E4BE00EDA984 /* LaunchScreen.storyboard */; };
		A7289CAA2366E4BE00EDA984 /* UnitConversionsTests.swift in Sources */ = {isa = PBXBuildFile; fileRef = A7289CA92366E4BE00EDA984 /* UnitConversionsTests.swift */; };
		A7289CB62366E99300EDA984 /* UnitManager.swift in Sources */ = {isa = PBXBuildFile; fileRef = A7289CB52366E99300EDA984 /* UnitManager.swift */; };
		A7289CB82366F83400EDA984 /* Unit+.swift in Sources */ = {isa = PBXBuildFile; fileRef = A7289CB72366F83400EDA984 /* Unit+.swift */; };
		A7289CBA236705C700EDA984 /* UnitConversions.gif in Resources */ = {isa = PBXBuildFile; fileRef = A7289CB9236705C700EDA984 /* UnitConversions.gif */; };
/* End PBXBuildFile section */

/* Begin PBXContainerItemProxy section */
		A7289CA62366E4BE00EDA984 /* PBXContainerItemProxy */ = {
			isa = PBXContainerItemProxy;
			containerPortal = A7289C872366E4BD00EDA984 /* Project object */;
			proxyType = 1;
			remoteGlobalIDString = A7289C8E2366E4BD00EDA984;
			remoteInfo = UnitConversions;
		};
/* End PBXContainerItemProxy section */

/* Begin PBXFileReference section */
		A7289C8F2366E4BD00EDA984 /* UnitConversions.app */ = {isa = PBXFileReference; explicitFileType = wrapper.application; includeInIndex = 0; path = UnitConversions.app; sourceTree = BUILT_PRODUCTS_DIR; };
		A7289C922366E4BD00EDA984 /* AppDelegate.swift */ = {isa = PBXFileReference; lastKnownFileType = sourcecode.swift; path = AppDelegate.swift; sourceTree = "<group>"; };
		A7289C942366E4BD00EDA984 /* SceneDelegate.swift */ = {isa = PBXFileReference; lastKnownFileType = sourcecode.swift; path = SceneDelegate.swift; sourceTree = "<group>"; };
		A7289C962366E4BD00EDA984 /* ContentView.swift */ = {isa = PBXFileReference; lastKnownFileType = sourcecode.swift; path = ContentView.swift; sourceTree = "<group>"; };
		A7289C982366E4BE00EDA984 /* Assets.xcassets */ = {isa = PBXFileReference; lastKnownFileType = folder.assetcatalog; path = Assets.xcassets; sourceTree = "<group>"; };
		A7289C9B2366E4BE00EDA984 /* Preview Assets.xcassets */ = {isa = PBXFileReference; lastKnownFileType = folder.assetcatalog; path = "Preview Assets.xcassets"; sourceTree = "<group>"; };
		A7289C9E2366E4BE00EDA984 /* Base */ = {isa = PBXFileReference; lastKnownFileType = file.storyboard; name = Base; path = Base.lproj/LaunchScreen.storyboard; sourceTree = "<group>"; };
		A7289CA02366E4BE00EDA984 /* Info.plist */ = {isa = PBXFileReference; lastKnownFileType = text.plist.xml; path = Info.plist; sourceTree = "<group>"; };
		A7289CA52366E4BE00EDA984 /* UnitConversionsTests.xctest */ = {isa = PBXFileReference; explicitFileType = wrapper.cfbundle; includeInIndex = 0; path = UnitConversionsTests.xctest; sourceTree = BUILT_PRODUCTS_DIR; };
		A7289CA92366E4BE00EDA984 /* UnitConversionsTests.swift */ = {isa = PBXFileReference; lastKnownFileType = sourcecode.swift; path = UnitConversionsTests.swift; sourceTree = "<group>"; };
		A7289CAB2366E4BE00EDA984 /* Info.plist */ = {isa = PBXFileReference; lastKnownFileType = text.plist.xml; path = Info.plist; sourceTree = "<group>"; };
		A7289CB42366E4EB00EDA984 /* README.md */ = {isa = PBXFileReference; lastKnownFileType = net.daringfireball.markdown; path = README.md; sourceTree = "<group>"; };
		A7289CB52366E99300EDA984 /* UnitManager.swift */ = {isa = PBXFileReference; lastKnownFileType = sourcecode.swift; path = UnitManager.swift; sourceTree = "<group>"; };
		A7289CB72366F83400EDA984 /* Unit+.swift */ = {isa = PBXFileReference; lastKnownFileType = sourcecode.swift; path = "Unit+.swift"; sourceTree = "<group>"; };
		A7289CB9236705C700EDA984 /* UnitConversions.gif */ = {isa = PBXFileReference; lastKnownFileType = image.gif; path = UnitConversions.gif; sourceTree = "<group>"; };
/* End PBXFileReference section */

/* Begin PBXFrameworksBuildPhase section */
		A7289C8C2366E4BD00EDA984 /* Frameworks */ = {
			isa = PBXFrameworksBuildPhase;
			buildActionMask = 2147483647;
			files = (
			);
			runOnlyForDeploymentPostprocessing = 0;
		};
		A7289CA22366E4BE00EDA984 /* Frameworks */ = {
			isa = PBXFrameworksBuildPhase;
			buildActionMask = 2147483647;
			files = (
			);
			runOnlyForDeploymentPostprocessing = 0;
		};
/* End PBXFrameworksBuildPhase section */

/* Begin PBXGroup section */
		A7289C862366E4BD00EDA984 = {
			isa = PBXGroup;
			children = (
				A7289CB42366E4EB00EDA984 /* README.md */,
				A7289CB9236705C700EDA984 /* UnitConversions.gif */,
				A7289C912366E4BD00EDA984 /* UnitConversions */,
				A7289CA82366E4BE00EDA984 /* UnitConversionsTests */,
				A7289C902366E4BD00EDA984 /* Products */,
			);
			sourceTree = "<group>";
		};
		A7289C902366E4BD00EDA984 /* Products */ = {
			isa = PBXGroup;
			children = (
				A7289C8F2366E4BD00EDA984 /* UnitConversions.app */,
				A7289CA52366E4BE00EDA984 /* UnitConversionsTests.xctest */,
			);
			name = Products;
			sourceTree = "<group>";
		};
		A7289C912366E4BD00EDA984 /* UnitConversions */ = {
			isa = PBXGroup;
			children = (
				A7289C922366E4BD00EDA984 /* AppDelegate.swift */,
				A7289C942366E4BD00EDA984 /* SceneDelegate.swift */,
				A7289C962366E4BD00EDA984 /* ContentView.swift */,
				A7289CB52366E99300EDA984 /* UnitManager.swift */,
				A7289CB72366F83400EDA984 /* Unit+.swift */,
				A7289C982366E4BE00EDA984 /* Assets.xcassets */,
				A7289C9D2366E4BE00EDA984 /* LaunchScreen.storyboard */,
				A7289CA02366E4BE00EDA984 /* Info.plist */,
				A7289C9A2366E4BE00EDA984 /* Preview Content */,
			);
			path = UnitConversions;
			sourceTree = "<group>";
		};
		A7289C9A2366E4BE00EDA984 /* Preview Content */ = {
			isa = PBXGroup;
			children = (
				A7289C9B2366E4BE00EDA984 /* Preview Assets.xcassets */,
			);
			path = "Preview Content";
			sourceTree = "<group>";
		};
		A7289CA82366E4BE00EDA984 /* UnitConversionsTests */ = {
			isa = PBXGroup;
			children = (
				A7289CA92366E4BE00EDA984 /* UnitConversionsTests.swift */,
				A7289CAB2366E4BE00EDA984 /* Info.plist */,
			);
			path = UnitConversionsTests;
			sourceTree = "<group>";
		};
/* End PBXGroup section */

/* Begin PBXNativeTarget section */
		A7289C8E2366E4BD00EDA984 /* UnitConversions */ = {
			isa = PBXNativeTarget;
			buildConfigurationList = A7289CAE2366E4BE00EDA984 /* Build configuration list for PBXNativeTarget "UnitConversions" */;
			buildPhases = (
				A7289C8B2366E4BD00EDA984 /* Sources */,
				A7289C8C2366E4BD00EDA984 /* Frameworks */,
				A7289C8D2366E4BD00EDA984 /* Resources */,
			);
			buildRules = (
			);
			dependencies = (
			);
			name = UnitConversions;
			productName = UnitConversions;
			productReference = A7289C8F2366E4BD00EDA984 /* UnitConversions.app */;
			productType = "com.apple.product-type.application";
		};
		A7289CA42366E4BE00EDA984 /* UnitConversionsTests */ = {
			isa = PBXNativeTarget;
			buildConfigurationList = A7289CB12366E4BE00EDA984 /* Build configuration list for PBXNativeTarget "UnitConversionsTests" */;
			buildPhases = (
				A7289CA12366E4BE00EDA984 /* Sources */,
				A7289CA22366E4BE00EDA984 /* Frameworks */,
				A7289CA32366E4BE00EDA984 /* Resources */,
			);
			buildRules = (
			);
			dependencies = (
				A7289CA72366E4BE00EDA984 /* PBXTargetDependency */,
			);
			name = UnitConversionsTests;
			productName = UnitConversionsTests;
			productReference = A7289CA52366E4BE00EDA984 /* UnitConversionsTests.xctest */;
			productType = "com.apple.product-type.bundle.unit-test";
		};
/* End PBXNativeTarget section */

/* Begin PBXProject section */
		A7289C872366E4BD00EDA984 /* Project object */ = {
			isa = PBXProject;
			attributes = {
				LastSwiftUpdateCheck = 1110;
				LastUpgradeCheck = 1110;
				ORGANIZATIONNAME = "游宗諭";
				TargetAttributes = {
					A7289C8E2366E4BD00EDA984 = {
						CreatedOnToolsVersion = 11.1;
					};
					A7289CA42366E4BE00EDA984 = {
						CreatedOnToolsVersion = 11.1;
						TestTargetID = A7289C8E2366E4BD00EDA984;
					};
				};
			};
			buildConfigurationList = A7289C8A2366E4BD00EDA984 /* Build configuration list for PBXProject "UnitConversions" */;
			compatibilityVersion = "Xcode 9.3";
			developmentRegion = en;
			hasScannedForEncodings = 0;
			knownRegions = (
				en,
				Base,
			);
			mainGroup = A7289C862366E4BD00EDA984;
			productRefGroup = A7289C902366E4BD00EDA984 /* Products */;
			projectDirPath = "";
			projectRoot = "";
			targets = (
				A7289C8E2366E4BD00EDA984 /* UnitConversions */,
				A7289CA42366E4BE00EDA984 /* UnitConversionsTests */,
			);
		};
/* End PBXProject section */

/* Begin PBXResourcesBuildPhase section */
		A7289C8D2366E4BD00EDA984 /* Resources */ = {
			isa = PBXResourcesBuildPhase;
			buildActionMask = 2147483647;
			files = (
				A7289CBA236705C700EDA984 /* UnitConversions.gif in Resources */,
				A7289C9F2366E4BE00EDA984 /* LaunchScreen.storyboard in Resources */,
				A7289C9C2366E4BE00EDA984 /* Preview Assets.xcassets in Resources */,
				A7289C992366E4BE00EDA984 /* Assets.xcassets in Resources */,
			);
			runOnlyForDeploymentPostprocessing = 0;
		};
		A7289CA32366E4BE00EDA984 /* Resources */ = {
			isa = PBXResourcesBuildPhase;
			buildActionMask = 2147483647;
			files = (
			);
			runOnlyForDeploymentPostprocessing = 0;
		};
/* End PBXResourcesBuildPhase section */

/* Begin PBXSourcesBuildPhase section */
		A7289C8B2366E4BD00EDA984 /* Sources */ = {
			isa = PBXSourcesBuildPhase;
			buildActionMask = 2147483647;
			files = (
				A7289C932366E4BD00EDA984 /* AppDelegate.swift in Sources */,
				A7289CB62366E99300EDA984 /* UnitManager.swift in Sources */,
				A7289C952366E4BD00EDA984 /* SceneDelegate.swift in Sources */,
				A7289CB82366F83400EDA984 /* Unit+.swift in Sources */,
				A7289C972366E4BD00EDA984 /* ContentView.swift in Sources */,
			);
			runOnlyForDeploymentPostprocessing = 0;
		};
		A7289CA12366E4BE00EDA984 /* Sources */ = {
			isa = PBXSourcesBuildPhase;
			buildActionMask = 2147483647;
			files = (
				A7289CAA2366E4BE00EDA984 /* UnitConversionsTests.swift in Sources */,
			);
			runOnlyForDeploymentPostprocessing = 0;
		};
/* End PBXSourcesBuildPhase section */

/* Begin PBXTargetDependency section */
		A7289CA72366E4BE00EDA984 /* PBXTargetDependency */ = {
			isa = PBXTargetDependency;
			target = A7289C8E2366E4BD00EDA984 /* UnitConversions */;
			targetProxy = A7289CA62366E4BE00EDA984 /* PBXContainerItemProxy */;
		};
/* End PBXTargetDependency section */

/* Begin PBXVariantGroup section */
		A7289C9D2366E4BE00EDA984 /* LaunchScreen.storyboard */ = {
			isa = PBXVariantGroup;
			children = (
				A7289C9E2366E4BE00EDA984 /* Base */,
			);
			name = LaunchScreen.storyboard;
			sourceTree = "<group>";
		};
/* End PBXVariantGroup section */

/* Begin XCBuildConfiguration section */
		A7289CAC2366E4BE00EDA984 /* Debug */ = {
			isa = XCBuildConfiguration;
			buildSettings = {
				ALWAYS_SEARCH_USER_PATHS = NO;
				CLANG_ANALYZER_NONNULL = YES;
				CLANG_ANALYZER_NUMBER_OBJECT_CONVERSION = YES_AGGRESSIVE;
				CLANG_CXX_LANGUAGE_STANDARD = "gnu++14";
				CLANG_CXX_LIBRARY = "libc++";
				CLANG_ENABLE_MODULES = YES;
				CLANG_ENABLE_OBJC_ARC = YES;
				CLANG_ENABLE_OBJC_WEAK = YES;
				CLANG_WARN_BLOCK_CAPTURE_AUTORELEASING = YES;
				CLANG_WARN_BOOL_CONVERSION = YES;
				CLANG_WARN_COMMA = YES;
				CLANG_WARN_CONSTANT_CONVERSION = YES;
				CLANG_WARN_DEPRECATED_OBJC_IMPLEMENTATIONS = YES;
				CLANG_WARN_DIRECT_OBJC_ISA_USAGE = YES_ERROR;
				CLANG_WARN_DOCUMENTATION_COMMENTS = YES;
				CLANG_WARN_EMPTY_BODY = YES;
				CLANG_WARN_ENUM_CONVERSION = YES;
				CLANG_WARN_INFINITE_RECURSION = YES;
				CLANG_WARN_INT_CONVERSION = YES;
				CLANG_WARN_NON_LITERAL_NULL_CONVERSION = YES;
				CLANG_WARN_OBJC_IMPLICIT_RETAIN_SELF = YES;
				CLANG_WARN_OBJC_LITERAL_CONVERSION = YES;
				CLANG_WARN_OBJC_ROOT_CLASS = YES_ERROR;
				CLANG_WARN_RANGE_LOOP_ANALYSIS = YES;
				CLANG_WARN_STRICT_PROTOTYPES = YES;
				CLANG_WARN_SUSPICIOUS_MOVE = YES;
				CLANG_WARN_UNGUARDED_AVAILABILITY = YES_AGGRESSIVE;
				CLANG_WARN_UNREACHABLE_CODE = YES;
				CLANG_WARN__DUPLICATE_METHOD_MATCH = YES;
				COPY_PHASE_STRIP = NO;
				DEBUG_INFORMATION_FORMAT = dwarf;
				ENABLE_STRICT_OBJC_MSGSEND = YES;
				ENABLE_TESTABILITY = YES;
				GCC_C_LANGUAGE_STANDARD = gnu11;
				GCC_DYNAMIC_NO_PIC = NO;
				GCC_NO_COMMON_BLOCKS = YES;
				GCC_OPTIMIZATION_LEVEL = 0;
				GCC_PREPROCESSOR_DEFINITIONS = (
					"DEBUG=1",
					"$(inherited)",
				);
				GCC_WARN_64_TO_32_BIT_CONVERSION = YES;
				GCC_WARN_ABOUT_RETURN_TYPE = YES_ERROR;
				GCC_WARN_UNDECLARED_SELECTOR = YES;
				GCC_WARN_UNINITIALIZED_AUTOS = YES_AGGRESSIVE;
				GCC_WARN_UNUSED_FUNCTION = YES;
				GCC_WARN_UNUSED_VARIABLE = YES;
				IPHONEOS_DEPLOYMENT_TARGET = 13.1;
				MTL_ENABLE_DEBUG_INFO = INCLUDE_SOURCE;
				MTL_FAST_MATH = YES;
				ONLY_ACTIVE_ARCH = YES;
				SDKROOT = iphoneos;
				SWIFT_ACTIVE_COMPILATION_CONDITIONS = DEBUG;
				SWIFT_OPTIMIZATION_LEVEL = "-Onone";
			};
			name = Debug;
		};
		A7289CAD2366E4BE00EDA984 /* Release */ = {
			isa = XCBuildConfiguration;
			buildSettings = {
				ALWAYS_SEARCH_USER_PATHS = NO;
				CLANG_ANALYZER_NONNULL = YES;
				CLANG_ANALYZER_NUMBER_OBJECT_CONVERSION = YES_AGGRESSIVE;
				CLANG_CXX_LANGUAGE_STANDARD = "gnu++14";
				CLANG_CXX_LIBRARY = "libc++";
				CLANG_ENABLE_MODULES = YES;
				CLANG_ENABLE_OBJC_ARC = YES;
				CLANG_ENABLE_OBJC_WEAK = YES;
				CLANG_WARN_BLOCK_CAPTURE_AUTORELEASING = YES;
				CLANG_WARN_BOOL_CONVERSION = YES;
				CLANG_WARN_COMMA = YES;
				CLANG_WARN_CONSTANT_CONVERSION = YES;
				CLANG_WARN_DEPRECATED_OBJC_IMPLEMENTATIONS = YES;
				CLANG_WARN_DIRECT_OBJC_ISA_USAGE = YES_ERROR;
				CLANG_WARN_DOCUMENTATION_COMMENTS = YES;
				CLANG_WARN_EMPTY_BODY = YES;
				CLANG_WARN_ENUM_CONVERSION = YES;
				CLANG_WARN_INFINITE_RECURSION = YES;
				CLANG_WARN_INT_CONVERSION = YES;
				CLANG_WARN_NON_LITERAL_NULL_CONVERSION = YES;
				CLANG_WARN_OBJC_IMPLICIT_RETAIN_SELF = YES;
				CLANG_WARN_OBJC_LITERAL_CONVERSION = YES;
				CLANG_WARN_OBJC_ROOT_CLASS = YES_ERROR;
				CLANG_WARN_RANGE_LOOP_ANALYSIS = YES;
				CLANG_WARN_STRICT_PROTOTYPES = YES;
				CLANG_WARN_SUSPICIOUS_MOVE = YES;
				CLANG_WARN_UNGUARDED_AVAILABILITY = YES_AGGRESSIVE;
				CLANG_WARN_UNREACHABLE_CODE = YES;
				CLANG_WARN__DUPLICATE_METHOD_MATCH = YES;
				COPY_PHASE_STRIP = NO;
				DEBUG_INFORMATION_FORMAT = "dwarf-with-dsym";
				ENABLE_NS_ASSERTIONS = NO;
				ENABLE_STRICT_OBJC_MSGSEND = YES;
				GCC_C_LANGUAGE_STANDARD = gnu11;
				GCC_NO_COMMON_BLOCKS = YES;
				GCC_WARN_64_TO_32_BIT_CONVERSION = YES;
				GCC_WARN_ABOUT_RETURN_TYPE = YES_ERROR;
				GCC_WARN_UNDECLARED_SELECTOR = YES;
				GCC_WARN_UNINITIALIZED_AUTOS = YES_AGGRESSIVE;
				GCC_WARN_UNUSED_FUNCTION = YES;
				GCC_WARN_UNUSED_VARIABLE = YES;
				IPHONEOS_DEPLOYMENT_TARGET = 13.1;
				MTL_ENABLE_DEBUG_INFO = NO;
				MTL_FAST_MATH = YES;
				SDKROOT = iphoneos;
				SWIFT_COMPILATION_MODE = wholemodule;
				SWIFT_OPTIMIZATION_LEVEL = "-O";
				VALIDATE_PRODUCT = YES;
			};
			name = Release;
		};
		A7289CAF2366E4BE00EDA984 /* Debug */ = {
			isa = XCBuildConfiguration;
			buildSettings = {
				ASSETCATALOG_COMPILER_APPICON_NAME = AppIcon;
				CODE_SIGN_STYLE = Automatic;
				DEVELOPMENT_ASSET_PATHS = "\"UnitConversions/Preview Content\"";
				DEVELOPMENT_TEAM = 3AMPL46LPV;
				ENABLE_PREVIEWS = YES;
				INFOPLIST_FILE = UnitConversions/Info.plist;
				LD_RUNPATH_SEARCH_PATHS = (
					"$(inherited)",
					"@executable_path/Frameworks",
				);
				PRODUCT_BUNDLE_IDENTIFIER = ytyubox.UnitConversions;
				PRODUCT_NAME = "$(TARGET_NAME)";
				SWIFT_VERSION = 5.0;
				TARGETED_DEVICE_FAMILY = "1,2";
			};
			name = Debug;
		};
		A7289CB02366E4BE00EDA984 /* Release */ = {
			isa = XCBuildConfiguration;
			buildSettings = {
				ASSETCATALOG_COMPILER_APPICON_NAME = AppIcon;
				CODE_SIGN_STYLE = Automatic;
				DEVELOPMENT_ASSET_PATHS = "\"UnitConversions/Preview Content\"";
				DEVELOPMENT_TEAM = 3AMPL46LPV;
				ENABLE_PREVIEWS = YES;
				INFOPLIST_FILE = UnitConversions/Info.plist;
				LD_RUNPATH_SEARCH_PATHS = (
					"$(inherited)",
					"@executable_path/Frameworks",
				);
				PRODUCT_BUNDLE_IDENTIFIER = ytyubox.UnitConversions;
				PRODUCT_NAME = "$(TARGET_NAME)";
				SWIFT_VERSION = 5.0;
				TARGETED_DEVICE_FAMILY = "1,2";
			};
			name = Release;
		};
		A7289CB22366E4BE00EDA984 /* Debug */ = {
			isa = XCBuildConfiguration;
			buildSettings = {
				ALWAYS_EMBED_SWIFT_STANDARD_LIBRARIES = YES;
				BUNDLE_LOADER = "$(TEST_HOST)";
				CODE_SIGN_STYLE = Automatic;
				DEVELOPMENT_TEAM = 3AMPL46LPV;
				INFOPLIST_FILE = UnitConversionsTests/Info.plist;
				IPHONEOS_DEPLOYMENT_TARGET = 13.1;
				LD_RUNPATH_SEARCH_PATHS = (
					"$(inherited)",
					"@executable_path/Frameworks",
					"@loader_path/Frameworks",
				);
				PRODUCT_BUNDLE_IDENTIFIER = ytyubox.UnitConversionsTests;
				PRODUCT_NAME = "$(TARGET_NAME)";
				SWIFT_VERSION = 5.0;
				TARGETED_DEVICE_FAMILY = "1,2";
				TEST_HOST = "$(BUILT_PRODUCTS_DIR)/UnitConversions.app/UnitConversions";
			};
			name = Debug;
		};
		A7289CB32366E4BE00EDA984 /* Release */ = {
			isa = XCBuildConfiguration;
			buildSettings = {
				ALWAYS_EMBED_SWIFT_STANDARD_LIBRARIES = YES;
				BUNDLE_LOADER = "$(TEST_HOST)";
				CODE_SIGN_STYLE = Automatic;
				DEVELOPMENT_TEAM = 3AMPL46LPV;
				INFOPLIST_FILE = UnitConversionsTests/Info.plist;
				IPHONEOS_DEPLOYMENT_TARGET = 13.1;
				LD_RUNPATH_SEARCH_PATHS = (
					"$(inherited)",
					"@executable_path/Frameworks",
					"@loader_path/Frameworks",
				);
				PRODUCT_BUNDLE_IDENTIFIER = ytyubox.UnitConversionsTests;
				PRODUCT_NAME = "$(TARGET_NAME)";
				SWIFT_VERSION = 5.0;
				TARGETED_DEVICE_FAMILY = "1,2";
				TEST_HOST = "$(BUILT_PRODUCTS_DIR)/UnitConversions.app/UnitConversions";
			};
			name = Release;
		};
/* End XCBuildConfiguration section */

/* Begin XCConfigurationList section */
		A7289C8A2366E4BD00EDA984 /* Build configuration list for PBXProject "UnitConversions" */ = {
			isa = XCConfigurationList;
			buildConfigurations = (
				A7289CAC2366E4BE00EDA984 /* Debug */,
				A7289CAD2366E4BE00EDA984 /* Release */,
			);
			defaultConfigurationIsVisible = 0;
			defaultConfigurationName = Release;
		};
		A7289CAE2366E4BE00EDA984 /* Build configuration list for PBXNativeTarget "UnitConversions" */ = {
			isa = XCConfigurationList;
			buildConfigurations = (
				A7289CAF2366E4BE00EDA984 /* Debug */,
				A7289CB02366E4BE00EDA984 /* Release */,
			);
			defaultConfigurationIsVisible = 0;
			defaultConfigurationName = Release;
		};
		A7289CB12366E4BE00EDA984 /* Build configuration list for PBXNativeTarget "UnitConversionsTests" */ = {
			isa = XCConfigurationList;
			buildConfigurations = (
				A7289CB22366E4BE00EDA984 /* Debug */,
				A7289CB32366E4BE00EDA984 /* Release */,
			);
			defaultConfigurationIsVisible = 0;
			defaultConfigurationName = Release;
		};
/* End XCConfigurationList section */
	};
	rootObject = A7289C872366E4BD00EDA984 /* Project object */;
}
