// !$*UTF8*$!
{
	archiveVersion = 1;
	classes = {
	};
	objectVersion = 50;
	objects = {

/* Begin PBXBuildFile section */
		A7533BB82441AF080065F777 /* main.swift in Sources */ = {isa = PBXBuildFile; fileRef = A7533BB72441AF080065F777 /* main.swift */; };
/* End PBXBuildFile section */

/* Begin PBXContainerItemProxy section */
		A718EEC12441C15C000A206F /* PBXContainerItemProxy */ = {
			isa = PBXContainerItemProxy;
			containerPortal = A718EEAF2441C15C000A206F /* UnitConversions.xcodeproj */;
			proxyType = 2;
			remoteGlobalIDString = A7289C8F2366E4BD00EDA984;
			remoteInfo = UnitConversions;
		};
		A718EEDF2441C15D000A206F /* PBXContainerItemProxy */ = {
			isa = PBXContainerItemProxy;
			containerPortal = A718EEDB2441C15D000A206F /* WeSplit.xcodeproj */;
			proxyType = 2;
			remoteGlobalIDString = 9A8482D02364189800D912EE;
			remoteInfo = WeSplit;
		};
		A718EEF82441C15D000A206F /* PBXContainerItemProxy */ = {
			isa = PBXContainerItemProxy;
			containerPortal = A718EEF32441C15D000A206F /* GuessTheFlag.xcodeproj */;
			proxyType = 2;
			remoteGlobalIDString = A73BEDDA236813EA001BC8FB;
			remoteInfo = GuessTheFlag;
		};
/* End PBXContainerItemProxy section */

/* Begin PBXCopyFilesBuildPhase section */
		A7533BB22441AF080065F777 /* CopyFiles */ = {
			isa = PBXCopyFilesBuildPhase;
			buildActionMask = 2147483647;
			dstPath = /usr/share/man/man1/;
			dstSubfolderSpec = 0;
			files = (
			);
			runOnlyForDeploymentPostprocessing = 1;
		};
/* End PBXCopyFilesBuildPhase section */

/* Begin PBXFileReference section */
		A718EE302441BBE4000A206F /* README.md */ = {isa = PBXFileReference; lastKnownFileType = net.daringfireball.markdown; path = README.md; sourceTree = "<group>"; };
		A718EE352441BBE4000A206F /* README.md */ = {isa = PBXFileReference; lastKnownFileType = net.daringfireball.markdown; path = README.md; sourceTree = "<group>"; };
		A718EE372441BBE4000A206F /* README.md */ = {isa = PBXFileReference; lastKnownFileType = net.daringfireball.markdown; path = README.md; sourceTree = "<group>"; };
		A718EE392441BBE4000A206F /* README.md */ = {isa = PBXFileReference; lastKnownFileType = net.daringfireball.markdown; path = README.md; sourceTree = "<group>"; };
		A718EE3B2441BBE4000A206F /* README.md */ = {isa = PBXFileReference; lastKnownFileType = net.daringfireball.markdown; path = README.md; sourceTree = "<group>"; };
		A718EE3D2441BBE5000A206F /* README.md */ = {isa = PBXFileReference; lastKnownFileType = net.daringfireball.markdown; path = README.md; sourceTree = "<group>"; };
		A718EE452441BBE5000A206F /* README.md */ = {isa = PBXFileReference; lastKnownFileType = net.daringfireball.markdown; path = README.md; sourceTree = "<group>"; };
		A718EE492441BBE5000A206F /* README.md */ = {isa = PBXFileReference; lastKnownFileType = net.daringfireball.markdown; path = README.md; sourceTree = "<group>"; };
		A718EE4D2441BBE5000A206F /* README.md */ = {isa = PBXFileReference; lastKnownFileType = net.daringfireball.markdown; path = README.md; sourceTree = "<group>"; };
		A718EE4F2441BBE5000A206F /* README.md */ = {isa = PBXFileReference; lastKnownFileType = net.daringfireball.markdown; path = README.md; sourceTree = "<group>"; };
		A718EE502441BC2A000A206F /* README.md */ = {isa = PBXFileReference; lastKnownFileType = net.daringfireball.markdown; name = README.md; path = ../README.md; sourceTree = "<group>"; };
		A718EE552441BE28000A206F /* README.md */ = {isa = PBXFileReference; lastKnownFileType = net.daringfireball.markdown; path = README.md; sourceTree = "<group>"; };
		A718EE702441BE28000A206F /* README.md */ = {isa = PBXFileReference; lastKnownFileType = net.daringfireball.markdown; path = README.md; sourceTree = "<group>"; };
		A718EE8E2441BE28000A206F /* README.md */ = {isa = PBXFileReference; lastKnownFileType = net.daringfireball.markdown; path = README.md; sourceTree = "<group>"; };
		A718EE902441BE28000A206F /* README.md */ = {isa = PBXFileReference; lastKnownFileType = net.daringfireball.markdown; path = README.md; sourceTree = "<group>"; };
		A718EE922441BE28000A206F /* README.md */ = {isa = PBXFileReference; lastKnownFileType = net.daringfireball.markdown; path = README.md; sourceTree = "<group>"; };
		A718EE942441BE28000A206F /* README.md */ = {isa = PBXFileReference; lastKnownFileType = net.daringfireball.markdown; path = README.md; sourceTree = "<group>"; };
		A718EEAE2441C15C000A206F /* UnitConversions.gif */ = {isa = PBXFileReference; lastKnownFileType = image.gif; path = UnitConversions.gif; sourceTree = "<group>"; };
		A718EEAF2441C15C000A206F /* UnitConversions.xcodeproj */ = {isa = PBXFileReference; lastKnownFileType = "wrapper.pb-project"; path = UnitConversions.xcodeproj; sourceTree = "<group>"; };
		A718EEB22441C15C000A206F /* README.md */ = {isa = PBXFileReference; lastKnownFileType = net.daringfireball.markdown; path = README.md; sourceTree = "<group>"; };
		A718EEB42441C15C000A206F /* Unit+.swift */ = {isa = PBXFileReference; lastKnownFileType = sourcecode.swift; path = "Unit+.swift"; sourceTree = "<group>"; };
		A718EEB52441C15C000A206F /* UnitManager.swift */ = {isa = PBXFileReference; lastKnownFileType = sourcecode.swift; path = UnitManager.swift; sourceTree = "<group>"; };
		A718EEB62441C15C000A206F /* Assets.xcassets */ = {isa = PBXFileReference; lastKnownFileType = folder.assetcatalog; path = Assets.xcassets; sourceTree = "<group>"; };
		A718EEB82441C15C000A206F /* Preview Assets.xcassets */ = {isa = PBXFileReference; lastKnownFileType = folder.assetcatalog; path = "Preview Assets.xcassets"; sourceTree = "<group>"; };
		A718EEBA2441C15C000A206F /* Base */ = {isa = PBXFileReference; lastKnownFileType = file.storyboard; name = Base; path = Base.lproj/LaunchScreen.storyboard; sourceTree = "<group>"; };
		A718EEBB2441C15C000A206F /* AppDelegate.swift */ = {isa = PBXFileReference; lastKnownFileType = sourcecode.swift; path = AppDelegate.swift; sourceTree = "<group>"; };
		A718EEBC2441C15C000A206F /* ContentView.swift */ = {isa = PBXFileReference; lastKnownFileType = sourcecode.swift; path = ContentView.swift; sourceTree = "<group>"; };
		A718EEBD2441C15C000A206F /* Info.plist */ = {isa = PBXFileReference; lastKnownFileType = text.plist.xml; path = Info.plist; sourceTree = "<group>"; };
		A718EEBE2441C15C000A206F /* SceneDelegate.swift */ = {isa = PBXFileReference; lastKnownFileType = sourcecode.swift; path = SceneDelegate.swift; sourceTree = "<group>"; };
		A718EEC42441C15D000A206F /* README.md */ = {isa = PBXFileReference; lastKnownFileType = net.daringfireball.markdown; path = README.md; sourceTree = "<group>"; };
		A718EEC62441C15D000A206F /* WeSplit.gif */ = {isa = PBXFileReference; lastKnownFileType = image.gif; path = WeSplit.gif; sourceTree = "<group>"; };
		A718EEC92441C15D000A206F /* BingingStateToUI.swift */ = {isa = PBXFileReference; lastKnownFileType = sourcecode.swift; path = BingingStateToUI.swift; sourceTree = "<group>"; };
		A718EECA2441C15D000A206F /* BasicStructureOfSwiftUI.swift */ = {isa = PBXFileReference; lastKnownFileType = sourcecode.swift; path = BasicStructureOfSwiftUI.swift; sourceTree = "<group>"; };
		A718EECB2441C15D000A206F /* NavigationBar.swift */ = {isa = PBXFileReference; lastKnownFileType = sourcecode.swift; path = NavigationBar.swift; sourceTree = "<group>"; };
		A718EECC2441C15D000A206F /* PickerWithLabel.swift */ = {isa = PBXFileReference; lastKnownFileType = sourcecode.swift; path = PickerWithLabel.swift; sourceTree = "<group>"; };
		A718EECD2441C15D000A206F /* StateAndButton.swift */ = {isa = PBXFileReference; lastKnownFileType = sourcecode.swift; path = StateAndButton.swift; sourceTree = "<group>"; };
		A718EECE2441C15D000A206F /* BingingStateToUI.gif */ = {isa = PBXFileReference; lastKnownFileType = image.gif; path = BingingStateToUI.gif; sourceTree = "<group>"; };
		A718EECF2441C15D000A206F /* ForEachInForm.swift */ = {isa = PBXFileReference; lastKnownFileType = sourcecode.swift; path = ForEachInForm.swift; sourceTree = "<group>"; };
		A718EED02441C15D000A206F /* CreatingAForm.swift */ = {isa = PBXFileReference; lastKnownFileType = sourcecode.swift; path = CreatingAForm.swift; sourceTree = "<group>"; };
		A718EED12441C15D000A206F /* Assets.xcassets */ = {isa = PBXFileReference; lastKnownFileType = folder.assetcatalog; path = Assets.xcassets; sourceTree = "<group>"; };
		A718EED32441C15D000A206F /* Preview Assets.xcassets */ = {isa = PBXFileReference; lastKnownFileType = folder.assetcatalog; path = "Preview Assets.xcassets"; sourceTree = "<group>"; };
		A718EED52441C15D000A206F /* Base */ = {isa = PBXFileReference; lastKnownFileType = file.storyboard; name = Base; path = Base.lproj/LaunchScreen.storyboard; sourceTree = "<group>"; };
		A718EED62441C15D000A206F /* AppDelegate.swift */ = {isa = PBXFileReference; lastKnownFileType = sourcecode.swift; path = AppDelegate.swift; sourceTree = "<group>"; };
		A718EED72441C15D000A206F /* ContentView.swift */ = {isa = PBXFileReference; lastKnownFileType = sourcecode.swift; path = ContentView.swift; sourceTree = "<group>"; };
		A718EED82441C15D000A206F /* Info.plist */ = {isa = PBXFileReference; lastKnownFileType = text.plist.xml; path = Info.plist; sourceTree = "<group>"; };
		A718EED92441C15D000A206F /* SceneDelegate.swift */ = {isa = PBXFileReference; lastKnownFileType = sourcecode.swift; path = SceneDelegate.swift; sourceTree = "<group>"; };
		A718EEDA2441C15D000A206F /* README.md */ = {isa = PBXFileReference; lastKnownFileType = net.daringfireball.markdown; path = README.md; sourceTree = "<group>"; };
		A718EEDB2441C15D000A206F /* WeSplit.xcodeproj */ = {isa = PBXFileReference; lastKnownFileType = "wrapper.pb-project"; path = WeSplit.xcodeproj; sourceTree = "<group>"; };
		A718EEE22441C15D000A206F /* GuessTheFlags.gif */ = {isa = PBXFileReference; lastKnownFileType = image.gif; path = GuessTheFlags.gif; sourceTree = "<group>"; };
		A718EEE42441C15D000A206F /* Assets.xcassets */ = {isa = PBXFileReference; lastKnownFileType = folder.assetcatalog; path = Assets.xcassets; sourceTree = "<group>"; };
		A718EEE62441C15D000A206F /* Base */ = {isa = PBXFileReference; lastKnownFileType = file.storyboard; name = Base; path = Base.lproj/LaunchScreen.storyboard; sourceTree = "<group>"; };
		A718EEE82441C15D000A206F /* Base */ = {isa = PBXFileReference; lastKnownFileType = file.storyboard; name = Base; path = Base.lproj/Main.storyboard; sourceTree = "<group>"; };
		A718EEEA2441C15D000A206F /* GradientTry.swift */ = {isa = PBXFileReference; lastKnownFileType = sourcecode.swift; path = GradientTry.swift; sourceTree = "<group>"; };
		A718EEEB2441C15D000A206F /* StackTry.swift */ = {isa = PBXFileReference; lastKnownFileType = sourcecode.swift; path = StackTry.swift; sourceTree = "<group>"; };
		A718EEEC2441C15D000A206F /* ColorBackground.swift */ = {isa = PBXFileReference; lastKnownFileType = sourcecode.swift; path = ColorBackground.swift; sourceTree = "<group>"; };
		A718EEED2441C15D000A206F /* ButtonTry.swift */ = {isa = PBXFileReference; lastKnownFileType = sourcecode.swift; path = ButtonTry.swift; sourceTree = "<group>"; };
		A718EEEE2441C15D000A206F /* AlertTry.swift */ = {isa = PBXFileReference; lastKnownFileType = sourcecode.swift; path = AlertTry.swift; sourceTree = "<group>"; };
		A718EEEF2441C15D000A206F /* AppDelegate.swift */ = {isa = PBXFileReference; lastKnownFileType = sourcecode.swift; path = AppDelegate.swift; sourceTree = "<group>"; };
		A718EEF02441C15D000A206F /* ContentView.swift */ = {isa = PBXFileReference; lastKnownFileType = sourcecode.swift; path = ContentView.swift; sourceTree = "<group>"; };
		A718EEF12441C15D000A206F /* Info.plist */ = {isa = PBXFileReference; lastKnownFileType = text.plist.xml; path = Info.plist; sourceTree = "<group>"; };
		A718EEF22441C15D000A206F /* SceneDelegate.swift */ = {isa = PBXFileReference; lastKnownFileType = sourcecode.swift; path = SceneDelegate.swift; sourceTree = "<group>"; };
		A718EEF32441C15D000A206F /* GuessTheFlag.xcodeproj */ = {isa = PBXFileReference; lastKnownFileType = "wrapper.pb-project"; path = GuessTheFlag.xcodeproj; sourceTree = "<group>"; };
		A718EEF62441C15D000A206F /* README.md */ = {isa = PBXFileReference; lastKnownFileType = net.daringfireball.markdown; path = README.md; sourceTree = "<group>"; };
		A7533BB42441AF080065F777 /* 😃100DaysOfSwiftUINotes */ = {isa = PBXFileReference; explicitFileType = "compiled.mach-o.executable"; includeInIndex = 0; path = "😃100DaysOfSwiftUINotes"; sourceTree = BUILT_PRODUCTS_DIR; };
		A7533BB72441AF080065F777 /* main.swift */ = {isa = PBXFileReference; lastKnownFileType = sourcecode.swift; path = main.swift; sourceTree = "<group>"; };
/* End PBXFileReference section */

/* Begin PBXFrameworksBuildPhase section */
		A7533BB12441AF080065F777 /* Frameworks */ = {
			isa = PBXFrameworksBuildPhase;
			buildActionMask = 2147483647;
			files = (
			);
			runOnlyForDeploymentPostprocessing = 0;
		};
/* End PBXFrameworksBuildPhase section */

/* Begin PBXGroup section */
		A718EE2F2441BBE4000A206F /* project 16 */ = {
			isa = PBXGroup;
			children = (
				A718EE302441BBE4000A206F /* README.md */,
			);
			name = "project 16";
			path = "../project 16";
			sourceTree = "<group>";
		};
		A718EE342441BBE4000A206F /* project 14 */ = {
			isa = PBXGroup;
			children = (
				A718EE352441BBE4000A206F /* README.md */,
			);
			name = "project 14";
			path = "../project 14";
			sourceTree = "<group>";
		};
		A718EE362441BBE4000A206F /* project 10 */ = {
			isa = PBXGroup;
			children = (
				A718EE372441BBE4000A206F /* README.md */,
			);
			name = "project 10";
			path = "../project 10";
			sourceTree = "<group>";
		};
		A718EE382441BBE4000A206F /* project 12 */ = {
			isa = PBXGroup;
			children = (
				A718EE392441BBE4000A206F /* README.md */,
			);
			name = "project 12";
			path = "../project 12";
			sourceTree = "<group>";
		};
		A718EE3A2441BBE4000A206F /* project 17 */ = {
			isa = PBXGroup;
			children = (
				A718EE3B2441BBE4000A206F /* README.md */,
			);
			name = "project 17";
			path = "../project 17";
			sourceTree = "<group>";
		};
		A718EE3C2441BBE5000A206F /* project 13 */ = {
			isa = PBXGroup;
			children = (
				A718EE3D2441BBE5000A206F /* README.md */,
			);
			name = "project 13";
			path = "../project 13";
			sourceTree = "<group>";
		};
		A718EE442441BBE5000A206F /* project 19 */ = {
			isa = PBXGroup;
			children = (
				A718EE452441BBE5000A206F /* README.md */,
			);
			name = "project 19";
			path = "../project 19";
			sourceTree = "<group>";
		};
		A718EE482441BBE5000A206F /* project 18 */ = {
			isa = PBXGroup;
			children = (
				A718EE492441BBE5000A206F /* README.md */,
			);
			name = "project 18";
			path = "../project 18";
			sourceTree = "<group>";
		};
		A718EE4C2441BBE5000A206F /* project 11 */ = {
			isa = PBXGroup;
			children = (
				A718EE4D2441BBE5000A206F /* README.md */,
			);
			name = "project 11";
			path = "../project 11";
			sourceTree = "<group>";
		};
		A718EE4E2441BBE5000A206F /* project 15 */ = {
			isa = PBXGroup;
			children = (
				A718EE4F2441BBE5000A206F /* README.md */,
			);
			name = "project 15";
			path = "../project 15";
			sourceTree = "<group>";
		};
		A718EE542441BE28000A206F /* project 06 */ = {
			isa = PBXGroup;
			children = (
				A718EE552441BE28000A206F /* README.md */,
			);
			name = "project 06";
			path = "../project 06";
			sourceTree = "<group>";
		};
		A718EE6F2441BE28000A206F /* project 05 */ = {
			isa = PBXGroup;
			children = (
				A718EE702441BE28000A206F /* README.md */,
			);
			name = "project 05";
			path = "../project 05";
			sourceTree = "<group>";
		};
		A718EE8D2441BE28000A206F /* project 04 */ = {
			isa = PBXGroup;
			children = (
				A718EE8E2441BE28000A206F /* README.md */,
			);
			name = "project 04";
			path = "../project 04";
			sourceTree = "<group>";
		};
		A718EE8F2441BE28000A206F /* project 08 */ = {
			isa = PBXGroup;
			children = (
				A718EE902441BE28000A206F /* README.md */,
			);
			name = "project 08";
			path = "../project 08";
			sourceTree = "<group>";
		};
		A718EE912441BE28000A206F /* project 09 */ = {
			isa = PBXGroup;
			children = (
				A718EE922441BE28000A206F /* README.md */,
			);
			name = "project 09";
			path = "../project 09";
			sourceTree = "<group>";
		};
		A718EE932441BE28000A206F /* project 07 */ = {
			isa = PBXGroup;
			children = (
				A718EE942441BE28000A206F /* README.md */,
			);
			name = "project 07";
			path = "../project 07";
			sourceTree = "<group>";
		};
		A718EEAD2441C15C000A206F /* Challenge 01 */ = {
			isa = PBXGroup;
			children = (
				A718EEAE2441C15C000A206F /* UnitConversions.gif */,
				A718EEAF2441C15C000A206F /* UnitConversions.xcodeproj */,
				A718EEB22441C15C000A206F /* README.md */,
				A718EEB32441C15C000A206F /* UnitConversions */,
				A718EEBF2441C15C000A206F /* UnitConversionsTests */,
			);
			name = "Challenge 01";
			path = "../Challenge 01";
			sourceTree = "<group>";
		};
		A718EEB02441C15C000A206F /* Products */ = {
			isa = PBXGroup;
			children = (
				A718EEC22441C15C000A206F /* UnitConversions.app */,
			);
			name = Products;
			sourceTree = "<group>";
		};
		A718EEB32441C15C000A206F /* UnitConversions */ = {
			isa = PBXGroup;
			children = (
				A718EEB42441C15C000A206F /* Unit+.swift */,
				A718EEB52441C15C000A206F /* UnitManager.swift */,
				A718EEB62441C15C000A206F /* Assets.xcassets */,
				A718EEB72441C15C000A206F /* Preview Content */,
				A718EEB92441C15C000A206F /* LaunchScreen.storyboard */,
				A718EEBB2441C15C000A206F /* AppDelegate.swift */,
				A718EEBC2441C15C000A206F /* ContentView.swift */,
				A718EEBD2441C15C000A206F /* Info.plist */,
				A718EEBE2441C15C000A206F /* SceneDelegate.swift */,
			);
			path = UnitConversions;
			sourceTree = "<group>";
		};
		A718EEB72441C15C000A206F /* Preview Content */ = {
			isa = PBXGroup;
			children = (
				A718EEB82441C15C000A206F /* Preview Assets.xcassets */,
			);
			path = "Preview Content";
			sourceTree = "<group>";
		};
		A718EEBF2441C15C000A206F /* UnitConversionsTests */ = {
			isa = PBXGroup;
			children = (
			);
			path = UnitConversionsTests;
			sourceTree = "<group>";
		};
		A718EEC32441C15D000A206F /* project 03 */ = {
			isa = PBXGroup;
			children = (
				A718EEC42441C15D000A206F /* README.md */,
			);
			name = "project 03";
			path = "../project 03";
			sourceTree = "<group>";
		};
		A718EEC52441C15D000A206F /* project 01 */ = {
			isa = PBXGroup;
			children = (
				A718EEC62441C15D000A206F /* WeSplit.gif */,
				A718EEC72441C15D000A206F /* WeSplit */,
				A718EEDA2441C15D000A206F /* README.md */,
				A718EEDB2441C15D000A206F /* WeSplit.xcodeproj */,
			);
			name = "project 01";
			path = "../project 01";
			sourceTree = "<group>";
		};
		A718EEC72441C15D000A206F /* WeSplit */ = {
			isa = PBXGroup;
			children = (
				A718EEC82441C15D000A206F /* practice file */,
				A718EED12441C15D000A206F /* Assets.xcassets */,
				A718EED22441C15D000A206F /* Preview Content */,
				A718EED42441C15D000A206F /* LaunchScreen.storyboard */,
				A718EED62441C15D000A206F /* AppDelegate.swift */,
				A718EED72441C15D000A206F /* ContentView.swift */,
				A718EED82441C15D000A206F /* Info.plist */,
				A718EED92441C15D000A206F /* SceneDelegate.swift */,
			);
			path = WeSplit;
			sourceTree = "<group>";
		};
		A718EEC82441C15D000A206F /* practice file */ = {
			isa = PBXGroup;
			children = (
				A718EEC92441C15D000A206F /* BingingStateToUI.swift */,
				A718EECA2441C15D000A206F /* BasicStructureOfSwiftUI.swift */,
				A718EECB2441C15D000A206F /* NavigationBar.swift */,
				A718EECC2441C15D000A206F /* PickerWithLabel.swift */,
				A718EECD2441C15D000A206F /* StateAndButton.swift */,
				A718EECE2441C15D000A206F /* BingingStateToUI.gif */,
				A718EECF2441C15D000A206F /* ForEachInForm.swift */,
				A718EED02441C15D000A206F /* CreatingAForm.swift */,
			);
			path = "practice file";
			sourceTree = "<group>";
		};
		A718EED22441C15D000A206F /* Preview Content */ = {
			isa = PBXGroup;
			children = (
				A718EED32441C15D000A206F /* Preview Assets.xcassets */,
			);
			path = "Preview Content";
			sourceTree = "<group>";
		};
		A718EEDC2441C15D000A206F /* Products */ = {
			isa = PBXGroup;
			children = (
				A718EEE02441C15D000A206F /* WeSplit.app */,
			);
			name = Products;
			sourceTree = "<group>";
		};
		A718EEE12441C15D000A206F /* project 02 */ = {
			isa = PBXGroup;
			children = (
				A718EEE22441C15D000A206F /* GuessTheFlags.gif */,
				A718EEE32441C15D000A206F /* GuessTheFlag */,
				A718EEF32441C15D000A206F /* GuessTheFlag.xcodeproj */,
				A718EEF62441C15D000A206F /* README.md */,
			);
			name = "project 02";
			path = "../project 02";
			sourceTree = "<group>";
		};
		A718EEE32441C15D000A206F /* GuessTheFlag */ = {
			isa = PBXGroup;
			children = (
				A718EEE42441C15D000A206F /* Assets.xcassets */,
				A718EEE52441C15D000A206F /* LaunchScreen.storyboard */,
				A718EEE72441C15D000A206F /* Main.storyboard */,
				A718EEE92441C15D000A206F /* practice files */,
				A718EEEF2441C15D000A206F /* AppDelegate.swift */,
				A718EEF02441C15D000A206F /* ContentView.swift */,
				A718EEF12441C15D000A206F /* Info.plist */,
				A718EEF22441C15D000A206F /* SceneDelegate.swift */,
			);
			path = GuessTheFlag;
			sourceTree = "<group>";
		};
		A718EEE92441C15D000A206F /* practice files */ = {
			isa = PBXGroup;
			children = (
				A718EEEA2441C15D000A206F /* GradientTry.swift */,
				A718EEEB2441C15D000A206F /* StackTry.swift */,
				A718EEEC2441C15D000A206F /* ColorBackground.swift */,
				A718EEED2441C15D000A206F /* ButtonTry.swift */,
				A718EEEE2441C15D000A206F /* AlertTry.swift */,
			);
			path = "practice files";
			sourceTree = "<group>";
		};
		A718EEF42441C15D000A206F /* Products */ = {
			isa = PBXGroup;
			children = (
				A718EEF92441C15D000A206F /* GuessTheFlag.app */,
			);
			name = Products;
			sourceTree = "<group>";
		};
		A7533BAB2441AF080065F777 = {
			isa = PBXGroup;
			children = (
				A718EE502441BC2A000A206F /* README.md */,
				A718EEC52441C15D000A206F /* project 01 */,
				A718EEE12441C15D000A206F /* project 02 */,
				A718EEC32441C15D000A206F /* project 03 */,
				A718EE8D2441BE28000A206F /* project 04 */,
				A718EE6F2441BE28000A206F /* project 05 */,
				A718EE542441BE28000A206F /* project 06 */,
				A718EE932441BE28000A206F /* project 07 */,
				A718EE8F2441BE28000A206F /* project 08 */,
				A718EE912441BE28000A206F /* project 09 */,
				A718EE362441BBE4000A206F /* project 10 */,
				A718EE4C2441BBE5000A206F /* project 11 */,
				A718EE382441BBE4000A206F /* project 12 */,
				A718EE3C2441BBE5000A206F /* project 13 */,
				A718EE342441BBE4000A206F /* project 14 */,
				A718EE4E2441BBE5000A206F /* project 15 */,
				A718EE2F2441BBE4000A206F /* project 16 */,
				A718EE3A2441BBE4000A206F /* project 17 */,
				A718EE482441BBE5000A206F /* project 18 */,
				A718EE442441BBE5000A206F /* project 19 */,
				A718EEAD2441C15C000A206F /* Challenge 01 */,
				A7533BB62441AF080065F777 /* 😃100DaysOfSwiftUINotes */,
				A7533BB52441AF080065F777 /* Products */,
			);
			sourceTree = "<group>";
		};
		A7533BB52441AF080065F777 /* Products */ = {
			isa = PBXGroup;
			children = (
				A7533BB42441AF080065F777 /* 😃100DaysOfSwiftUINotes */,
			);
			name = Products;
			sourceTree = "<group>";
		};
		A7533BB62441AF080065F777 /* 😃100DaysOfSwiftUINotes */ = {
			isa = PBXGroup;
			children = (
				A7533BB72441AF080065F777 /* main.swift */,
			);
			path = "😃100DaysOfSwiftUINotes";
			sourceTree = "<group>";
		};
/* End PBXGroup section */

/* Begin PBXNativeTarget section */
		A7533BB32441AF080065F777 /* 😃100DaysOfSwiftUINotes */ = {
			isa = PBXNativeTarget;
			buildConfigurationList = A7533BBB2441AF080065F777 /* Build configuration list for PBXNativeTarget "😃100DaysOfSwiftUINotes" */;
			buildPhases = (
				A7533BB02441AF080065F777 /* Sources */,
				A7533BB12441AF080065F777 /* Frameworks */,
				A7533BB22441AF080065F777 /* CopyFiles */,
			);
			buildRules = (
			);
			dependencies = (
			);
			name = "😃100DaysOfSwiftUINotes";
			productName = "😃100DaysOfSwiftUINotes";
			productReference = A7533BB42441AF080065F777 /* 😃100DaysOfSwiftUINotes */;
			productType = "com.apple.product-type.tool";
		};
/* End PBXNativeTarget section */

/* Begin PBXProject section */
		A7533BAC2441AF080065F777 /* Project object */ = {
			isa = PBXProject;
			attributes = {
				LastSwiftUpdateCheck = 1140;
				LastUpgradeCheck = 1140;
				ORGANIZATIONNAME = "游宗諭";
				TargetAttributes = {
					A7533BB32441AF080065F777 = {
						CreatedOnToolsVersion = 11.4;
					};
				};
			};
			buildConfigurationList = A7533BAF2441AF080065F777 /* Build configuration list for PBXProject "😃100DaysOfSwiftUINotes" */;
			compatibilityVersion = "Xcode 9.3";
			developmentRegion = en;
			hasScannedForEncodings = 0;
			knownRegions = (
				en,
				Base,
			);
			mainGroup = A7533BAB2441AF080065F777;
			productRefGroup = A7533BB52441AF080065F777 /* Products */;
			projectDirPath = "";
			projectReferences = (
				{
					ProductGroup = A718EEF42441C15D000A206F /* Products */;
					ProjectRef = A718EEF32441C15D000A206F /* GuessTheFlag.xcodeproj */;
				},
				{
					ProductGroup = A718EEB02441C15C000A206F /* Products */;
					ProjectRef = A718EEAF2441C15C000A206F /* UnitConversions.xcodeproj */;
				},
				{
					ProductGroup = A718EEDC2441C15D000A206F /* Products */;
					ProjectRef = A718EEDB2441C15D000A206F /* WeSplit.xcodeproj */;
				},
			);
			projectRoot = "";
			targets = (
				A7533BB32441AF080065F777 /* 😃100DaysOfSwiftUINotes */,
			);
		};
/* End PBXProject section */

/* Begin PBXReferenceProxy section */
		A718EEC22441C15C000A206F /* UnitConversions.app */ = {
			isa = PBXReferenceProxy;
			fileType = wrapper.application;
			path = UnitConversions.app;
			remoteRef = A718EEC12441C15C000A206F /* PBXContainerItemProxy */;
			sourceTree = BUILT_PRODUCTS_DIR;
		};
		A718EEE02441C15D000A206F /* WeSplit.app */ = {
			isa = PBXReferenceProxy;
			fileType = wrapper.application;
			path = WeSplit.app;
			remoteRef = A718EEDF2441C15D000A206F /* PBXContainerItemProxy */;
			sourceTree = BUILT_PRODUCTS_DIR;
		};
		A718EEF92441C15D000A206F /* GuessTheFlag.app */ = {
			isa = PBXReferenceProxy;
			fileType = wrapper.application;
			path = GuessTheFlag.app;
			remoteRef = A718EEF82441C15D000A206F /* PBXContainerItemProxy */;
			sourceTree = BUILT_PRODUCTS_DIR;
		};
/* End PBXReferenceProxy section */

/* Begin PBXSourcesBuildPhase section */
		A7533BB02441AF080065F777 /* Sources */ = {
			isa = PBXSourcesBuildPhase;
			buildActionMask = 2147483647;
			files = (
				A7533BB82441AF080065F777 /* main.swift in Sources */,
			);
			runOnlyForDeploymentPostprocessing = 0;
		};
/* End PBXSourcesBuildPhase section */

/* Begin PBXVariantGroup section */
		A718EEB92441C15C000A206F /* LaunchScreen.storyboard */ = {
			isa = PBXVariantGroup;
			children = (
				A718EEBA2441C15C000A206F /* Base */,
			);
			name = LaunchScreen.storyboard;
			sourceTree = "<group>";
		};
		A718EED42441C15D000A206F /* LaunchScreen.storyboard */ = {
			isa = PBXVariantGroup;
			children = (
				A718EED52441C15D000A206F /* Base */,
			);
			name = LaunchScreen.storyboard;
			sourceTree = "<group>";
		};
		A718EEE52441C15D000A206F /* LaunchScreen.storyboard */ = {
			isa = PBXVariantGroup;
			children = (
				A718EEE62441C15D000A206F /* Base */,
			);
			name = LaunchScreen.storyboard;
			sourceTree = "<group>";
		};
		A718EEE72441C15D000A206F /* Main.storyboard */ = {
			isa = PBXVariantGroup;
			children = (
				A718EEE82441C15D000A206F /* Base */,
			);
			name = Main.storyboard;
			sourceTree = "<group>";
		};
/* End PBXVariantGroup section */

/* Begin XCBuildConfiguration section */
		A7533BB92441AF080065F777 /* Debug */ = {
			isa = XCBuildConfiguration;
			buildSettings = {
				ALWAYS_SEARCH_USER_PATHS = NO;
				CLANG_ANALYZER_NONNULL = YES;
				CLANG_ANALYZER_NUMBER_OBJECT_CONVERSION = YES_AGGRESSIVE;
				CLANG_CXX_LANGUAGE_STANDARD = "gnu++14";
				CLANG_CXX_LIBRARY = "libc++";
				CLANG_ENABLE_MODULES = YES;
				CLANG_ENABLE_OBJC_ARC = YES;
				CLANG_ENABLE_OBJC_WEAK = YES;
				CLANG_WARN_BLOCK_CAPTURE_AUTORELEASING = YES;
				CLANG_WARN_BOOL_CONVERSION = YES;
				CLANG_WARN_COMMA = YES;
				CLANG_WARN_CONSTANT_CONVERSION = YES;
				CLANG_WARN_DEPRECATED_OBJC_IMPLEMENTATIONS = YES;
				CLANG_WARN_DIRECT_OBJC_ISA_USAGE = YES_ERROR;
				CLANG_WARN_DOCUMENTATION_COMMENTS = YES;
				CLANG_WARN_EMPTY_BODY = YES;
				CLANG_WARN_ENUM_CONVERSION = YES;
				CLANG_WARN_INFINITE_RECURSION = YES;
				CLANG_WARN_INT_CONVERSION = YES;
				CLANG_WARN_NON_LITERAL_NULL_CONVERSION = YES;
				CLANG_WARN_OBJC_IMPLICIT_RETAIN_SELF = YES;
				CLANG_WARN_OBJC_LITERAL_CONVERSION = YES;
				CLANG_WARN_OBJC_ROOT_CLASS = YES_ERROR;
				CLANG_WARN_RANGE_LOOP_ANALYSIS = YES;
				CLANG_WARN_STRICT_PROTOTYPES = YES;
				CLANG_WARN_SUSPICIOUS_MOVE = YES;
				CLANG_WARN_UNGUARDED_AVAILABILITY = YES_AGGRESSIVE;
				CLANG_WARN_UNREACHABLE_CODE = YES;
				CLANG_WARN__DUPLICATE_METHOD_MATCH = YES;
				COPY_PHASE_STRIP = NO;
				DEBUG_INFORMATION_FORMAT = dwarf;
				ENABLE_STRICT_OBJC_MSGSEND = YES;
				ENABLE_TESTABILITY = YES;
				GCC_C_LANGUAGE_STANDARD = gnu11;
				GCC_DYNAMIC_NO_PIC = NO;
				GCC_NO_COMMON_BLOCKS = YES;
				GCC_OPTIMIZATION_LEVEL = 0;
				GCC_PREPROCESSOR_DEFINITIONS = (
					"DEBUG=1",
					"$(inherited)",
				);
				GCC_WARN_64_TO_32_BIT_CONVERSION = YES;
				GCC_WARN_ABOUT_RETURN_TYPE = YES_ERROR;
				GCC_WARN_UNDECLARED_SELECTOR = YES;
				GCC_WARN_UNINITIALIZED_AUTOS = YES_AGGRESSIVE;
				GCC_WARN_UNUSED_FUNCTION = YES;
				GCC_WARN_UNUSED_VARIABLE = YES;
				MACOSX_DEPLOYMENT_TARGET = 10.15;
				MTL_ENABLE_DEBUG_INFO = INCLUDE_SOURCE;
				MTL_FAST_MATH = YES;
				ONLY_ACTIVE_ARCH = YES;
				SDKROOT = macosx;
				SWIFT_ACTIVE_COMPILATION_CONDITIONS = DEBUG;
				SWIFT_OPTIMIZATION_LEVEL = "-Onone";
			};
			name = Debug;
		};
		A7533BBA2441AF080065F777 /* Release */ = {
			isa = XCBuildConfiguration;
			buildSettings = {
				ALWAYS_SEARCH_USER_PATHS = NO;
				CLANG_ANALYZER_NONNULL = YES;
				CLANG_ANALYZER_NUMBER_OBJECT_CONVERSION = YES_AGGRESSIVE;
				CLANG_CXX_LANGUAGE_STANDARD = "gnu++14";
				CLANG_CXX_LIBRARY = "libc++";
				CLANG_ENABLE_MODULES = YES;
				CLANG_ENABLE_OBJC_ARC = YES;
				CLANG_ENABLE_OBJC_WEAK = YES;
				CLANG_WARN_BLOCK_CAPTURE_AUTORELEASING = YES;
				CLANG_WARN_BOOL_CONVERSION = YES;
				CLANG_WARN_COMMA = YES;
				CLANG_WARN_CONSTANT_CONVERSION = YES;
				CLANG_WARN_DEPRECATED_OBJC_IMPLEMENTATIONS = YES;
				CLANG_WARN_DIRECT_OBJC_ISA_USAGE = YES_ERROR;
				CLANG_WARN_DOCUMENTATION_COMMENTS = YES;
				CLANG_WARN_EMPTY_BODY = YES;
				CLANG_WARN_ENUM_CONVERSION = YES;
				CLANG_WARN_INFINITE_RECURSION = YES;
				CLANG_WARN_INT_CONVERSION = YES;
				CLANG_WARN_NON_LITERAL_NULL_CONVERSION = YES;
				CLANG_WARN_OBJC_IMPLICIT_RETAIN_SELF = YES;
				CLANG_WARN_OBJC_LITERAL_CONVERSION = YES;
				CLANG_WARN_OBJC_ROOT_CLASS = YES_ERROR;
				CLANG_WARN_RANGE_LOOP_ANALYSIS = YES;
				CLANG_WARN_STRICT_PROTOTYPES = YES;
				CLANG_WARN_SUSPICIOUS_MOVE = YES;
				CLANG_WARN_UNGUARDED_AVAILABILITY = YES_AGGRESSIVE;
				CLANG_WARN_UNREACHABLE_CODE = YES;
				CLANG_WARN__DUPLICATE_METHOD_MATCH = YES;
				COPY_PHASE_STRIP = NO;
				DEBUG_INFORMATION_FORMAT = "dwarf-with-dsym";
				ENABLE_NS_ASSERTIONS = NO;
				ENABLE_STRICT_OBJC_MSGSEND = YES;
				GCC_C_LANGUAGE_STANDARD = gnu11;
				GCC_NO_COMMON_BLOCKS = YES;
				GCC_WARN_64_TO_32_BIT_CONVERSION = YES;
				GCC_WARN_ABOUT_RETURN_TYPE = YES_ERROR;
				GCC_WARN_UNDECLARED_SELECTOR = YES;
				GCC_WARN_UNINITIALIZED_AUTOS = YES_AGGRESSIVE;
				GCC_WARN_UNUSED_FUNCTION = YES;
				GCC_WARN_UNUSED_VARIABLE = YES;
				MACOSX_DEPLOYMENT_TARGET = 10.15;
				MTL_ENABLE_DEBUG_INFO = NO;
				MTL_FAST_MATH = YES;
				SDKROOT = macosx;
				SWIFT_COMPILATION_MODE = wholemodule;
				SWIFT_OPTIMIZATION_LEVEL = "-O";
			};
			name = Release;
		};
		A7533BBC2441AF080065F777 /* Debug */ = {
			isa = XCBuildConfiguration;
			buildSettings = {
				CODE_SIGN_STYLE = Automatic;
				DEVELOPMENT_TEAM = 3AMPL46LPV;
				ENABLE_HARDENED_RUNTIME = YES;
				PRODUCT_NAME = "$(TARGET_NAME)";
				SWIFT_VERSION = 5.0;
			};
			name = Debug;
		};
		A7533BBD2441AF080065F777 /* Release */ = {
			isa = XCBuildConfiguration;
			buildSettings = {
				CODE_SIGN_STYLE = Automatic;
				DEVELOPMENT_TEAM = 3AMPL46LPV;
				ENABLE_HARDENED_RUNTIME = YES;
				PRODUCT_NAME = "$(TARGET_NAME)";
				SWIFT_VERSION = 5.0;
			};
			name = Release;
		};
/* End XCBuildConfiguration section */

/* Begin XCConfigurationList section */
		A7533BAF2441AF080065F777 /* Build configuration list for PBXProject "😃100DaysOfSwiftUINotes" */ = {
			isa = XCConfigurationList;
			buildConfigurations = (
				A7533BB92441AF080065F777 /* Debug */,
				A7533BBA2441AF080065F777 /* Release */,
			);
			defaultConfigurationIsVisible = 0;
			defaultConfigurationName = Release;
		};
		A7533BBB2441AF080065F777 /* Build configuration list for PBXNativeTarget "😃100DaysOfSwiftUINotes" */ = {
			isa = XCConfigurationList;
			buildConfigurations = (
				A7533BBC2441AF080065F777 /* Debug */,
				A7533BBD2441AF080065F777 /* Release */,
			);
			defaultConfigurationIsVisible = 0;
			defaultConfigurationName = Release;
		};
/* End XCConfigurationList section */
	};
	rootObject = A7533BAC2441AF080065F777 /* Project object */;
}
